
Microsoft Visual Studio Solution File, Format Version 12.00
# Visual Studio Version 17
VisualStudioVersion = 17.5.33424.131
MinimumVisualStudioVersion = 10.0.40219.1
Project("{9A19103F-16F7-4668-BE54-9A1E7A4F7556}") = "NHibernateCache", "NHibernateCache\NHibernateCache.csproj", "{ED210B40-FC61-496C-9C1B-9A7BD41288D2}"
EndProject
Project("{9A19103F-16F7-4668-BE54-9A1E7A4F7556}") = "NHibernateCache.Test", "NHibernateCache.Test\NHibernateCache.Test.csproj", "{157F7AE5-BD42-437B-B824-30D8D97059E0}"
EndProject
Global
	GlobalSection(SolutionConfigurationPlatforms) = preSolution
		Debug|Any CPU = Debug|Any CPU
		Release|Any CPU = Release|Any CPU
	EndGlobalSection
	GlobalSection(ProjectConfigurationPlatforms) = postSolution
		{ED210B40-FC61-496C-9C1B-9A7BD41288D2}.Debug|Any CPU.ActiveCfg = Debug|Any CPU
		{ED210B40-FC61-496C-9C1B-9A7BD41288D2}.Debug|Any CPU.Build.0 = Debug|Any CPU
		{ED210B40-FC61-496C-9C1B-9A7BD41288D2}.Release|Any CPU.ActiveCfg = Release|Any CPU
		{ED210B40-FC61-496C-9C1B-9A7BD41288D2}.Release|Any CPU.Build.0 = Release|Any CPU
		{157F7AE5-BD42-437B-B824-30D8D97059E0}.Debug|Any CPU.ActiveCfg = Debug|Any CPU
		{157F7AE5-BD42-437B-B824-30D8D97059E0}.Debug|Any CPU.Build.0 = Debug|Any CPU
		{157F7AE5-BD42-437B-B824-30D8D97059E0}.Release|Any CPU.ActiveCfg = Release|Any CPU
		{157F7AE5-BD42-437B-B824-30D8D97059E0}.Release|Any CPU.Build.0 = Release|Any CPU
	EndGlobalSection
	GlobalSection(SolutionProperties) = preSolution
		HideSolutionNode = FALSE
	EndGlobalSection
	GlobalSection(ExtensibilityGlobals) = postSolution
		SolutionGuid = {0AB25B12-C494-4309-A256-999C312719B0}
	EndGlobalSection
EndGlobal
